# DO NOT EDIT MANUALLY - Managed by Fern Replay
version: "1.0"
generations:
  - commit_sha: 537da9cd9df22d8d5cdaf2a06732f447e3c87299
    tree_hash: 6bce3060151b87b671d52d638cb2bcf946e82f69
    timestamp: 2026-05-20T09:17:16.042Z
    cli_version: unknown
    generator_versions: {}
current_generation: 537da9cd9df22d8d5cdaf2a06732f447e3c87299
patches: []
