# DO NOT EDIT MANUALLY - Managed by Fern Replay
version: "1.0"
generations:
  - commit_sha: 537da9cd9df22d8d5cdaf2a06732f447e3c87299
    tree_hash: 6bce3060151b87b671d52d638cb2bcf946e82f69
    timestamp: 2026-05-20T09:17:16.042Z
    cli_version: unknown
    generator_versions: {}
  - commit_sha: 9070097e2aaf49b1df1bb890c8222056be5f5142
    tree_hash: 5da7795db1db8cd1553686c07f4cd99d3c0e0ec3
    timestamp: 2026-05-21T10:08:39.156Z
    cli_version: unknown
    generator_versions:
      fernapi/fern-typescript-sdk: 3.48.1
  - commit_sha: 20d7e3a68cda9ba665b15443aea19eeb5bf7c5ca
    tree_hash: 27d707e7afaabcfe119453adfaefe62d725362da
    timestamp: 2026-05-22T07:56:24.037Z
    cli_version: unknown
    generator_versions:
      fernapi/fern-typescript-sdk: 3.48.1
  - commit_sha: ee80c1ddfa233b53cdd29bf2ca73b363e98c3ed3
    tree_hash: 602369da7a47f1cf29f0a3e53e6a93d4f3d667d3
    timestamp: 2026-05-22T08:25:37.174Z
    cli_version: unknown
    generator_versions:
      fernapi/fern-typescript-sdk: 3.48.1
  - commit_sha: ee3fe84d03a26c57bac4e4a8dd6082ca23fc5690
    tree_hash: 8bc44584ac6aeda3246a8cfbad066773e20c7f3e
    timestamp: 2026-05-23T03:36:18.743Z
    cli_version: unknown
    generator_versions:
      fernapi/fern-typescript-sdk: 3.48.1
  - commit_sha: 2b1326ca173e6eab9ee48334b2ed676b33174c7b
    tree_hash: 6910406dfd82621507c8799c3b56b80c612549fa
    timestamp: 2026-05-25T08:03:57.279Z
    cli_version: unknown
    generator_versions:
      fernapi/fern-typescript-sdk: 3.48.1
  - commit_sha: e03b6977a83d487cb0da760ef45581269b93a0e1
    tree_hash: 6fc30965b44c113450cbd5734d195989648aee2f
    timestamp: 2026-05-28T20:16:12.102Z
    cli_version: unknown
    generator_versions:
      fernapi/fern-typescript-sdk: 3.48.1
  - commit_sha: 6ef3626375f0a78a87b084388cf9451be08a70ef
    tree_hash: 1616bbf561750f420008a2143378e9215163c46e
    timestamp: 2026-05-29T07:47:36.675Z
    cli_version: unknown
    generator_versions:
      fernapi/fern-typescript-sdk: 3.48.1
  - commit_sha: 2e45d6994158a9e0aad6f88bbef01eb32b030171
    tree_hash: 4ea5146eaeec844ba44f8541b09416704b5dcfd2
    timestamp: 2026-06-01T09:38:18.756Z
    cli_version: unknown
    generator_versions:
      fernapi/fern-typescript-sdk: 3.48.1
  - commit_sha: 32f055cfe9f3db5ca7b05d6778521458e32dbe45
    tree_hash: e1d566926599ff667328c3ece6e0ad08b8aea6ca
    timestamp: 2026-06-02T08:11:42.297Z
    cli_version: unknown
    generator_versions:
      fernapi/fern-typescript-sdk: 3.48.1
  - commit_sha: ec99b4f8ff0230e6b21679f210c57eb77467b1f6
    tree_hash: 32a271590297312af8fbdc9cb66eb1dfe07ff39e
    timestamp: 2026-06-03T06:28:32.055Z
    cli_version: unknown
    generator_versions:
      fernapi/fern-typescript-sdk: 3.48.1
  - commit_sha: a25ff9ace6771d7bb0251520d461d9e79ad1b660
    tree_hash: f83dc3cf1acf1d6aa17221974a58cb013894714f
    timestamp: 2026-06-03T07:49:37.913Z
    cli_version: unknown
    generator_versions:
      fernapi/fern-typescript-sdk: 3.48.1
  - commit_sha: 31880da8b051cc8f249c87000c44f77bcb0f80ae
    tree_hash: 26bec7c18e6f357597cc6ca036115e91a9dcf7b0
    timestamp: 2026-06-04T06:11:01.587Z
    cli_version: unknown
    generator_versions:
      fernapi/fern-typescript-sdk: 3.48.1
  - commit_sha: e2e8a0106258692bdbbc97c6573d713d5ebd35cc
    tree_hash: ccd646218be04ae8acf7479438ecfa3887e28a15
    timestamp: 2026-06-04T10:19:06.646Z
    cli_version: unknown
    generator_versions:
      fernapi/fern-typescript-sdk: 3.48.1
  - commit_sha: 8147a4043b85b795a02d7d9f64c06ddbdb3cd786
    tree_hash: 8c7f0103840332584feb9be388d4f1861653f31f
    timestamp: 2026-06-04T19:51:52.238Z
    cli_version: unknown
    generator_versions:
      fernapi/fern-typescript-sdk: 3.48.1
  - commit_sha: 4b66a3c188584be8935096944fcc5e20259f9f1a
    tree_hash: b09aa3648bad24da90933c2d311ff64e97bd34d7
    timestamp: 2026-06-08T19:38:28.381Z
    cli_version: unknown
    generator_versions:
      fernapi/fern-typescript-sdk: 3.48.1
  - commit_sha: 9bf242c2b4f605305e9352fa3ea121429f60edcd
    tree_hash: 47fbbca19a0231def192f7e253de0437f14cf9ca
    timestamp: 2026-06-08T20:47:53.397Z
    cli_version: unknown
    generator_versions:
      fernapi/fern-typescript-sdk: 3.48.1
  - commit_sha: f3ff460ff4f1778d425872d158a0f71f37992943
    tree_hash: 0d196710ba437231e872013251c9408d1f20f146
    timestamp: 2026-06-09T22:45:35.368Z
    cli_version: unknown
    generator_versions:
      fernapi/fern-typescript-sdk: 3.48.1
  - commit_sha: c1a059d42891671a31d5104158b406c3ad12ee85
    tree_hash: dfeae84550765fa2b86b114f73f02557e19a32b3
    timestamp: 2026-06-10T09:39:01.686Z
    cli_version: unknown
    generator_versions:
      fernapi/fern-typescript-sdk: 3.48.1
  - commit_sha: e2368e877d3038f754c0ba3e2c73337d6be705a8
    tree_hash: 8d08b59385364943bd21a0908d8b2f31b68dbbe9
    timestamp: 2026-06-11T10:08:45.119Z
    cli_version: unknown
    generator_versions:
      fernapi/fern-typescript-sdk: 3.48.1
  - commit_sha: 4b65426037c7d746667b3674d4600c61b6abd661
    tree_hash: 220e713736a6a1d7d0599d21a090173f441cf00d
    timestamp: 2026-06-11T13:35:01.429Z
    cli_version: unknown
    generator_versions:
      fernapi/fern-typescript-sdk: 3.48.1
  - commit_sha: 35fb0e5fe4c34480aaed4c4024b2562589e47fd8
    tree_hash: 08b2bc4f2d78179c10d404d5445ce338b733fdce
    timestamp: 2026-06-12T10:52:17.544Z
    cli_version: unknown
    generator_versions:
      fernapi/fern-typescript-sdk: 3.48.1
  - commit_sha: 9513a5ecd73146e35f1894c87a77e8be7562ce0a
    tree_hash: 89910e2b02c5ff320d1a7cb2ec4b4759610c69f5
    timestamp: 2026-06-15T12:17:34.821Z
    cli_version: unknown
    generator_versions:
      fernapi/fern-typescript-sdk: 3.48.1
  - commit_sha: 1d12e904817bf90bc7f6693771f2ee4cf2288eb9
    tree_hash: 73ac804939a4a8295392468b036122798953cf5a
    timestamp: 2026-06-22T09:36:36.629Z
    cli_version: unknown
    generator_versions:
      fernapi/fern-typescript-sdk: 3.48.1
  - commit_sha: a3e15f46151dc7fcb34087176e2f314d69f5b268
    tree_hash: 3bca1bb0e9a9826245f04ca75d78450376a9b2b8
    timestamp: 2026-06-29T08:55:57.600Z
    cli_version: unknown
    generator_versions:
      fernapi/fern-typescript-sdk: 3.48.1
  - commit_sha: 50b08a799d5651084c0b87563fd1da669e8a07eb
    tree_hash: 4def023ffba7f33b9a8f10ae95a280216171bca7
    timestamp: 2026-06-30T10:55:28.637Z
    cli_version: unknown
    generator_versions:
      fernapi/fern-typescript-sdk: 3.48.1
current_generation: 50b08a799d5651084c0b87563fd1da669e8a07eb
patches:
  - id: patch-ed895c87
    content_hash: sha256:aab0c30c623e28c2b59c6e7133d3e3a73afe785a887ccdbe2326bbb6b568a487
    original_commit: ed895c87d968cf2e8836d68623fbdb746b8c62e8
    original_message: Added publish log for debugging
    original_author: Dariusz Wojciechowski <dariusz.wojciechowski@samsara.com>
    base_generation: 3c3ca49a91f94fcd2ef7731d4b6ccd00508dc4cc
    files:
      - package.json
    patch_content: |
      diff --git a/package.json b/package.json
      index ef56dcf..867a98b 100644
      --- a/package.json
      +++ b/package.json
      @@ -1,5 +1,5 @@
       {
      -    "name": "",
      +    "name": "@samsarahq/samsara",
           "version": "5.4.0",
           "private": false,
           "repository": {
    theirs_snapshot:
      package.json: |
        {
            "name": "@samsarahq/samsara",
            "version": "5.4.0",
            "private": false,
            "repository": {
                "type": "git",
                "url": "git+https://github.com/samsarahq/samsara-ts.git"
            },
            "license": "MIT",
            "type": "commonjs",
            "main": "./dist/cjs/index.js",
            "module": "./dist/esm/index.mjs",
            "types": "./dist/cjs/index.d.ts",
            "exports": {
                ".": {
                    "types": "./dist/cjs/index.d.ts",
                    "import": {
                        "types": "./dist/esm/index.d.mts",
                        "default": "./dist/esm/index.mjs"
                    },
                    "require": {
                        "types": "./dist/cjs/index.d.ts",
                        "default": "./dist/cjs/index.js"
                    },
                    "default": "./dist/cjs/index.js"
                },
                "./package.json": "./package.json"
            },
            "files": [
                "dist",
                "reference.md",
                "README.md",
                "LICENSE"
            ],
            "scripts": {
                "format": "biome format --write --skip-parse-errors --no-errors-on-unmatched --max-diagnostics=none",
                "format:check": "biome format --skip-parse-errors --no-errors-on-unmatched --max-diagnostics=none",
                "lint": "biome lint --skip-parse-errors --no-errors-on-unmatched --max-diagnostics=none",
                "lint:fix": "biome lint --fix --unsafe --skip-parse-errors --no-errors-on-unmatched --max-diagnostics=none",
                "check": "biome check --skip-parse-errors --no-errors-on-unmatched --max-diagnostics=none",
                "check:fix": "biome check --fix --unsafe --skip-parse-errors --no-errors-on-unmatched --max-diagnostics=none",
                "build": "pnpm build:cjs && pnpm build:esm",
                "build:cjs": "tsc --project ./tsconfig.cjs.json",
                "build:esm": "tsc --project ./tsconfig.esm.json && node scripts/rename-to-esm-files.js dist/esm",
                "test": "vitest",
                "test:unit": "vitest --project unit",
                "test:wire": "vitest --project wire"
            },
            "dependencies": {},
            "devDependencies": {
                "webpack": "^5.97.1",
                "ts-loader": "^9.5.1",
                "vitest": "^3.2.4",
                "msw": "2.11.2",
                "@types/node": "^18.19.70",
                "typescript": "~5.7.2",
                "@biomejs/biome": "2.3.11"
            },
            "browser": {
                "fs": false,
                "os": false,
                "path": false,
                "stream": false
            },
            "packageManager": "pnpm@10.20.0",
            "engines": {
                "node": ">=18.0.0"
            },
            "sideEffects": false
        }
    status: unresolved
