# DO NOT EDIT MANUALLY - Managed by Fern Replay
version: "1.0"
generations:
  - commit_sha: 537da9cd9df22d8d5cdaf2a06732f447e3c87299
    tree_hash: 6bce3060151b87b671d52d638cb2bcf946e82f69
    timestamp: 2026-05-20T09:17:16.042Z
    cli_version: unknown
    generator_versions: {}
  - commit_sha: 9070097e2aaf49b1df1bb890c8222056be5f5142
    tree_hash: 5da7795db1db8cd1553686c07f4cd99d3c0e0ec3
    timestamp: 2026-05-21T10:08:39.156Z
    cli_version: unknown
    generator_versions:
      fernapi/fern-typescript-sdk: 3.48.1
  - commit_sha: 20d7e3a68cda9ba665b15443aea19eeb5bf7c5ca
    tree_hash: 27d707e7afaabcfe119453adfaefe62d725362da
    timestamp: 2026-05-22T07:56:24.037Z
    cli_version: unknown
    generator_versions:
      fernapi/fern-typescript-sdk: 3.48.1
  - commit_sha: ee80c1ddfa233b53cdd29bf2ca73b363e98c3ed3
    tree_hash: 602369da7a47f1cf29f0a3e53e6a93d4f3d667d3
    timestamp: 2026-05-22T08:25:37.174Z
    cli_version: unknown
    generator_versions:
      fernapi/fern-typescript-sdk: 3.48.1
  - commit_sha: ee3fe84d03a26c57bac4e4a8dd6082ca23fc5690
    tree_hash: 8bc44584ac6aeda3246a8cfbad066773e20c7f3e
    timestamp: 2026-05-23T03:36:18.743Z
    cli_version: unknown
    generator_versions:
      fernapi/fern-typescript-sdk: 3.48.1
  - commit_sha: 2b1326ca173e6eab9ee48334b2ed676b33174c7b
    tree_hash: 6910406dfd82621507c8799c3b56b80c612549fa
    timestamp: 2026-05-25T08:03:57.279Z
    cli_version: unknown
    generator_versions:
      fernapi/fern-typescript-sdk: 3.48.1
  - commit_sha: e03b6977a83d487cb0da760ef45581269b93a0e1
    tree_hash: 6fc30965b44c113450cbd5734d195989648aee2f
    timestamp: 2026-05-28T20:16:12.102Z
    cli_version: unknown
    generator_versions:
      fernapi/fern-typescript-sdk: 3.48.1
  - commit_sha: 6ef3626375f0a78a87b084388cf9451be08a70ef
    tree_hash: 1616bbf561750f420008a2143378e9215163c46e
    timestamp: 2026-05-29T07:47:36.675Z
    cli_version: unknown
    generator_versions:
      fernapi/fern-typescript-sdk: 3.48.1
  - commit_sha: 2e45d6994158a9e0aad6f88bbef01eb32b030171
    tree_hash: 4ea5146eaeec844ba44f8541b09416704b5dcfd2
    timestamp: 2026-06-01T09:38:18.756Z
    cli_version: unknown
    generator_versions:
      fernapi/fern-typescript-sdk: 3.48.1
  - commit_sha: 32f055cfe9f3db5ca7b05d6778521458e32dbe45
    tree_hash: e1d566926599ff667328c3ece6e0ad08b8aea6ca
    timestamp: 2026-06-02T08:11:42.297Z
    cli_version: unknown
    generator_versions:
      fernapi/fern-typescript-sdk: 3.48.1
  - commit_sha: ec99b4f8ff0230e6b21679f210c57eb77467b1f6
    tree_hash: 32a271590297312af8fbdc9cb66eb1dfe07ff39e
    timestamp: 2026-06-03T06:28:32.055Z
    cli_version: unknown
    generator_versions:
      fernapi/fern-typescript-sdk: 3.48.1
  - commit_sha: a25ff9ace6771d7bb0251520d461d9e79ad1b660
    tree_hash: f83dc3cf1acf1d6aa17221974a58cb013894714f
    timestamp: 2026-06-03T07:49:37.913Z
    cli_version: unknown
    generator_versions:
      fernapi/fern-typescript-sdk: 3.48.1
  - commit_sha: 31880da8b051cc8f249c87000c44f77bcb0f80ae
    tree_hash: 26bec7c18e6f357597cc6ca036115e91a9dcf7b0
    timestamp: 2026-06-04T06:11:01.587Z
    cli_version: unknown
    generator_versions:
      fernapi/fern-typescript-sdk: 3.48.1
  - commit_sha: e2e8a0106258692bdbbc97c6573d713d5ebd35cc
    tree_hash: ccd646218be04ae8acf7479438ecfa3887e28a15
    timestamp: 2026-06-04T10:19:06.646Z
    cli_version: unknown
    generator_versions:
      fernapi/fern-typescript-sdk: 3.48.1
  - commit_sha: 8147a4043b85b795a02d7d9f64c06ddbdb3cd786
    tree_hash: 8c7f0103840332584feb9be388d4f1861653f31f
    timestamp: 2026-06-04T19:51:52.238Z
    cli_version: unknown
    generator_versions:
      fernapi/fern-typescript-sdk: 3.48.1
  - commit_sha: 4b66a3c188584be8935096944fcc5e20259f9f1a
    tree_hash: b09aa3648bad24da90933c2d311ff64e97bd34d7
    timestamp: 2026-06-08T19:38:28.381Z
    cli_version: unknown
    generator_versions:
      fernapi/fern-typescript-sdk: 3.48.1
  - commit_sha: 9bf242c2b4f605305e9352fa3ea121429f60edcd
    tree_hash: 47fbbca19a0231def192f7e253de0437f14cf9ca
    timestamp: 2026-06-08T20:47:53.397Z
    cli_version: unknown
    generator_versions:
      fernapi/fern-typescript-sdk: 3.48.1
  - commit_sha: f3ff460ff4f1778d425872d158a0f71f37992943
    tree_hash: 0d196710ba437231e872013251c9408d1f20f146
    timestamp: 2026-06-09T22:45:35.368Z
    cli_version: unknown
    generator_versions:
      fernapi/fern-typescript-sdk: 3.48.1
  - commit_sha: c1a059d42891671a31d5104158b406c3ad12ee85
    tree_hash: dfeae84550765fa2b86b114f73f02557e19a32b3
    timestamp: 2026-06-10T09:39:01.686Z
    cli_version: unknown
    generator_versions:
      fernapi/fern-typescript-sdk: 3.48.1
  - commit_sha: e2368e877d3038f754c0ba3e2c73337d6be705a8
    tree_hash: 8d08b59385364943bd21a0908d8b2f31b68dbbe9
    timestamp: 2026-06-11T10:08:45.119Z
    cli_version: unknown
    generator_versions:
      fernapi/fern-typescript-sdk: 3.48.1
  - commit_sha: 4b65426037c7d746667b3674d4600c61b6abd661
    tree_hash: 220e713736a6a1d7d0599d21a090173f441cf00d
    timestamp: 2026-06-11T13:35:01.429Z
    cli_version: unknown
    generator_versions:
      fernapi/fern-typescript-sdk: 3.48.1
  - commit_sha: 35fb0e5fe4c34480aaed4c4024b2562589e47fd8
    tree_hash: 08b2bc4f2d78179c10d404d5445ce338b733fdce
    timestamp: 2026-06-12T10:52:17.544Z
    cli_version: unknown
    generator_versions:
      fernapi/fern-typescript-sdk: 3.48.1
  - commit_sha: 9513a5ecd73146e35f1894c87a77e8be7562ce0a
    tree_hash: 89910e2b02c5ff320d1a7cb2ec4b4759610c69f5
    timestamp: 2026-06-15T12:17:34.821Z
    cli_version: unknown
    generator_versions:
      fernapi/fern-typescript-sdk: 3.48.1
  - commit_sha: 1d12e904817bf90bc7f6693771f2ee4cf2288eb9
    tree_hash: 73ac804939a4a8295392468b036122798953cf5a
    timestamp: 2026-06-22T09:36:36.629Z
    cli_version: unknown
    generator_versions:
      fernapi/fern-typescript-sdk: 3.48.1
  - commit_sha: a3e15f46151dc7fcb34087176e2f314d69f5b268
    tree_hash: 3bca1bb0e9a9826245f04ca75d78450376a9b2b8
    timestamp: 2026-06-29T08:55:57.600Z
    cli_version: unknown
    generator_versions:
      fernapi/fern-typescript-sdk: 3.48.1
  - commit_sha: 50b08a799d5651084c0b87563fd1da669e8a07eb
    tree_hash: 4def023ffba7f33b9a8f10ae95a280216171bca7
    timestamp: 2026-06-30T10:55:28.637Z
    cli_version: unknown
    generator_versions:
      fernapi/fern-typescript-sdk: 3.48.1
  - commit_sha: b9b97f84c59d7612787a62f1df57e77f955c2a53
    tree_hash: f6ca92ecdc473f64de1e370889bb3f39758a063f
    timestamp: 2026-07-01T11:39:09.185Z
    cli_version: unknown
    generator_versions:
      fernapi/fern-typescript-sdk: 3.48.1
  - commit_sha: e76ebf9795d3b74de83288da53b84071f2d4adb0
    tree_hash: c9cf83a624b14998b6f15a6e1436fdf112f73102
    timestamp: 2026-07-02T08:12:54.668Z
    cli_version: unknown
    generator_versions:
      fernapi/fern-typescript-sdk: 3.48.1
  - commit_sha: ef54e45dc98148041a42d6d2d3888697ae2a019f
    tree_hash: 29a862ac92a3a55f2549340ff64985470203e032
    timestamp: 2026-07-03T09:49:30.397Z
    cli_version: unknown
    generator_versions:
      fernapi/fern-typescript-sdk: 3.48.1
  - commit_sha: 4aa30c16884ee6952b17a665b7e0554239e24526
    tree_hash: 23ec8a9f574ca4852d5fbf0bffd1b1c932d2a879
    timestamp: 2026-07-06T06:51:07.260Z
    cli_version: unknown
    generator_versions:
      fernapi/fern-typescript-sdk: 3.48.1
  - commit_sha: a1a898171094bcb7d8779bc78eb6f3d658e079e9
    tree_hash: 73878a2e00a923dce404c46e42bfb954f15f4438
    timestamp: 2026-07-07T09:22:44.659Z
    cli_version: unknown
    generator_versions:
      fernapi/fern-typescript-sdk: 3.48.1
  - commit_sha: 69503c07598046ec3083084040d1c8a1681bf34f
    tree_hash: 0ce2d0d25ff0d7994178d7a666a08878d1a3513b
    timestamp: 2026-07-07T14:09:02.113Z
    cli_version: unknown
    generator_versions:
      fernapi/fern-typescript-sdk: 3.48.1
  - commit_sha: 301362fb156d11f7eadd88664855e300e418babe
    tree_hash: 1c6695d9421ecc5d7312600610d694f8b7bf4ca6
    timestamp: 2026-07-08T07:02:12.603Z
    cli_version: unknown
    generator_versions:
      fernapi/fern-typescript-sdk: 3.48.1
  - commit_sha: a9c7822345b9601077a2ee1b8c68ee3f11dc0796
    tree_hash: 13caa25438ddf59967bbc25634a9689b0d929215
    timestamp: 2026-07-09T09:18:56.539Z
    cli_version: unknown
    generator_versions:
      fernapi/fern-typescript-sdk: 3.48.1
  - commit_sha: 3b7ff29b8a118bd64fe418ce639aaded3815f4d9
    tree_hash: f3d268ee8cae3f8a40d53a56823a1c1265df97ed
    timestamp: 2026-07-12T20:28:32.548Z
    cli_version: unknown
    generator_versions:
      fernapi/fern-typescript-sdk: 3.48.1
  - commit_sha: 51093cf5ddbbbf9b1589bcccc11f78e482be5d22
    tree_hash: 897ac8922a399a8a744a3724255ca19bc16af0fa
    timestamp: 2026-07-13T07:21:13.963Z
    cli_version: unknown
    generator_versions:
      fernapi/fern-typescript-sdk: 3.48.1
  - commit_sha: f8234660fc28230d2986b23bfbd4bb7d4ac2d04d
    tree_hash: dcab486b6a08205a61f18a3c7ec801dbaebf24e0
    timestamp: 2026-07-15T08:28:03.072Z
    cli_version: unknown
    generator_versions:
      fernapi/fern-typescript-sdk: 3.48.1
  - commit_sha: 1cc56f77285f3315bdc2ef9222db24185d9dcba4
    tree_hash: e0909f131bdb4d1aa8fdd2368080b1b53968b627
    timestamp: 2026-07-20T11:16:38.429Z
    cli_version: unknown
    generator_versions:
      fernapi/fern-typescript-sdk: 3.48.1
  - commit_sha: 04ff1f6a3c8f55acfb7006e8e5bfcfbb64b0e6d1
    tree_hash: 2df4267c7ffb095ce2bf7c21827a381a82dd891c
    timestamp: 2026-07-20T16:18:34.841Z
    cli_version: unknown
    generator_versions:
      fernapi/fern-typescript-sdk: 3.48.1
  - commit_sha: 7f72529a554415261e332a8c16eb3a2c213198fb
    tree_hash: db3d086b83a7a1f37d1ea753991b2978ab1630fa
    timestamp: 2026-07-22T08:03:39.109Z
    cli_version: unknown
    generator_versions:
      fernapi/fern-typescript-sdk: 3.48.1
  - commit_sha: 3ac75460872306fec3be5a00b7eb3d849215f9f7
    tree_hash: 794163acaf58ae1746aebe12fb58139c8da1ae6f
    timestamp: 2026-07-23T10:10:48.728Z
    cli_version: unknown
    generator_versions:
      fernapi/fern-typescript-sdk: 3.48.1
  - commit_sha: 24a8872e1e2229166b06923b957de47c0ba11d9f
    tree_hash: ab1330453ca209b09e1e88111807e4a795f1a5c6
    timestamp: 2026-07-23T14:43:09.202Z
    cli_version: unknown
    generator_versions:
      fernapi/fern-typescript-sdk: 3.48.1
  - commit_sha: 7a9f37ec27bbc54fef423c1b628a1a2ef687356c
    tree_hash: 25d93ea8f45e8556d7237eca2b72efe92a263cbe
    timestamp: 2026-07-24T08:14:29.124Z
    cli_version: unknown
    generator_versions:
      fernapi/fern-typescript-sdk: 3.48.1
  - commit_sha: 53eb3799729311f55507c2ad1da15da42f6f94c2
    tree_hash: 5cd3ed6e4968a9b7fe08ffa7084c068f73f22168
    timestamp: 2026-07-24T12:32:56.462Z
    cli_version: unknown
    generator_versions:
      fernapi/fern-typescript-sdk: 3.48.1
  - commit_sha: 6c890efbe2b308cc00dfa6de45826653c1f45be7
    tree_hash: 5791236bb7c877a4c0207c2f8b34b393b028105c
    timestamp: 2026-07-27T09:00:29.345Z
    cli_version: unknown
    generator_versions:
      fernapi/fern-typescript-sdk: 3.48.1
  - commit_sha: 99b17b45d2b00b78100e0825fa58c053b44169a9
    tree_hash: 99e494f62f49f4c27025aafad4d463ffefb744cc
    timestamp: 2026-07-27T13:51:39.058Z
    cli_version: unknown
    generator_versions:
      fernapi/fern-typescript-sdk: 3.48.1
  - commit_sha: 078e466294573a4185181b11af0a4b77e417c26d
    tree_hash: 23e474725ececc1175f9ada7292e56d44cd69f62
    timestamp: 2026-07-28T07:39:38.108Z
    cli_version: unknown
    generator_versions:
      fernapi/fern-typescript-sdk: 3.48.1
  - commit_sha: b40810628aba8735462d9b0fcb6fbff435a106d0
    tree_hash: 98c92a758b083424c28ac530749dcbbe764704c4
    timestamp: 2026-07-28T13:03:14.543Z
    cli_version: unknown
    generator_versions:
      fernapi/fern-typescript-sdk: 3.48.1
  - commit_sha: b91e9a57f187c6b74851f1fba8fc4c4454763e12
    tree_hash: 490d93df1508ebe21c87139f30ebb7e39fd012b1
    timestamp: 2026-07-29T08:49:41.827Z
    cli_version: unknown
    generator_versions:
      fernapi/fern-typescript-sdk: 3.48.1
  - commit_sha: a03ae6eb1c9d1c5d2ca5aeba4b24d8341c46ff8d
    tree_hash: 3fdc453c41d1aaac6507a5dc6f592c0bd2c74d8c
    timestamp: 2026-07-29T09:17:35.816Z
    cli_version: unknown
    generator_versions:
      fernapi/fern-typescript-sdk: 3.48.1
  - commit_sha: 90580e35be15117ca8f1f5abea46fc8ee02cd15e
    tree_hash: ec3a7b7044d43a41b38d29ffde1a6306d27e5d8d
    timestamp: 2026-07-31T10:37:38.606Z
    cli_version: unknown
    generator_versions:
      fernapi/fern-typescript-sdk: 3.48.1
  - commit_sha: 2e78f281e6efadddb3967773a047d8ae92e5de30
    tree_hash: 08d0564f33eb79e583ce195010e4f856ad7e9ced
    timestamp: 2026-08-03T12:21:23.314Z
    cli_version: unknown
    generator_versions:
      fernapi/fern-typescript-sdk: 3.48.1
  - commit_sha: f52dcc384c682cf342b4aec4af96b960125083b7
    tree_hash: 09f74c3799c8bf045f921a1eff190264bf88fda3
    timestamp: 2026-08-04T10:41:48.476Z
    cli_version: unknown
    generator_versions:
      fernapi/fern-typescript-sdk: 3.48.1
  - commit_sha: 4d295de1e70634e05673633a650d30173717c879
    tree_hash: 42cc270362b7d1688c393e0ea7d8e7b075250f7f
    timestamp: 2026-08-04T14:41:55.946Z
    cli_version: unknown
    generator_versions:
      fernapi/fern-typescript-sdk: 3.48.1
  - commit_sha: 5a617bb24b014ec4094f849b54efe4df85175fe3
    tree_hash: 5adcdb659a5886c7f29eae937b13976cd5984f39
    timestamp: 2026-08-05T08:45:15.733Z
    cli_version: unknown
    generator_versions:
      fernapi/fern-typescript-sdk: 3.48.1
  - commit_sha: 2f2876b05c2801bc32c12f81db01ba7a26f3c7f4
    tree_hash: a507fdc373c7304655facc50ea147809e75490f1
    timestamp: 2026-08-05T10:51:13.255Z
    cli_version: unknown
    generator_versions:
      fernapi/fern-typescript-sdk: 3.48.1
  - commit_sha: 0d530085d6625fe1a789e4d1345803edfc3a8b7b
    tree_hash: fe6ab5b111fa8a704ef5fe1cc00b26c35a0960a2
    timestamp: 2026-08-06T08:05:01.196Z
    cli_version: unknown
    generator_versions:
      fernapi/fern-typescript-sdk: 3.48.1
  - commit_sha: ab8b05ac175ee11ed8a82d5c7f13baf6daff3c5e
    tree_hash: 5195e8d29abb0d4309e1fe0bc363f3690f54c7d6
    timestamp: 2026-08-07T08:43:57.221Z
    cli_version: unknown
    generator_versions:
      fernapi/fern-typescript-sdk: 3.48.1
current_generation: ab8b05ac175ee11ed8a82d5c7f13baf6daff3c5e
patches:
  - id: patch-ed895c87
    content_hash: sha256:aab0c30c623e28c2b59c6e7133d3e3a73afe785a887ccdbe2326bbb6b568a487
    original_commit: ed895c87d968cf2e8836d68623fbdb746b8c62e8
    original_message: Added publish log for debugging
    original_author: Dariusz Wojciechowski <dariusz.wojciechowski@samsara.com>
    base_generation: 3c3ca49a91f94fcd2ef7731d4b6ccd00508dc4cc
    files:
      - package.json
    patch_content: |
      diff --git a/package.json b/package.json
      index ef56dcf..867a98b 100644
      --- a/package.json
      +++ b/package.json
      @@ -1,5 +1,5 @@
       {
      -    "name": "",
      +    "name": "@samsarahq/samsara",
           "version": "5.4.0",
           "private": false,
           "repository": {
    theirs_snapshot:
      package.json: |
        {
            "name": "@samsarahq/samsara",
            "version": "5.4.0",
            "private": false,
            "repository": {
                "type": "git",
                "url": "git+https://github.com/samsarahq/samsara-ts.git"
            },
            "license": "MIT",
            "type": "commonjs",
            "main": "./dist/cjs/index.js",
            "module": "./dist/esm/index.mjs",
            "types": "./dist/cjs/index.d.ts",
            "exports": {
                ".": {
                    "types": "./dist/cjs/index.d.ts",
                    "import": {
                        "types": "./dist/esm/index.d.mts",
                        "default": "./dist/esm/index.mjs"
                    },
                    "require": {
                        "types": "./dist/cjs/index.d.ts",
                        "default": "./dist/cjs/index.js"
                    },
                    "default": "./dist/cjs/index.js"
                },
                "./package.json": "./package.json"
            },
            "files": [
                "dist",
                "reference.md",
                "README.md",
                "LICENSE"
            ],
            "scripts": {
                "format": "biome format --write --skip-parse-errors --no-errors-on-unmatched --max-diagnostics=none",
                "format:check": "biome format --skip-parse-errors --no-errors-on-unmatched --max-diagnostics=none",
                "lint": "biome lint --skip-parse-errors --no-errors-on-unmatched --max-diagnostics=none",
                "lint:fix": "biome lint --fix --unsafe --skip-parse-errors --no-errors-on-unmatched --max-diagnostics=none",
                "check": "biome check --skip-parse-errors --no-errors-on-unmatched --max-diagnostics=none",
                "check:fix": "biome check --fix --unsafe --skip-parse-errors --no-errors-on-unmatched --max-diagnostics=none",
                "build": "pnpm build:cjs && pnpm build:esm",
                "build:cjs": "tsc --project ./tsconfig.cjs.json",
                "build:esm": "tsc --project ./tsconfig.esm.json && node scripts/rename-to-esm-files.js dist/esm",
                "test": "vitest",
                "test:unit": "vitest --project unit",
                "test:wire": "vitest --project wire"
            },
            "dependencies": {},
            "devDependencies": {
                "webpack": "^5.97.1",
                "ts-loader": "^9.5.1",
                "vitest": "^3.2.4",
                "msw": "2.11.2",
                "@types/node": "^18.19.70",
                "typescript": "~5.7.2",
                "@biomejs/biome": "2.3.11"
            },
            "browser": {
                "fs": false,
                "os": false,
                "path": false,
                "stream": false
            },
            "packageManager": "pnpm@10.20.0",
            "engines": {
                "node": ">=18.0.0"
            },
            "sideEffects": false
        }
    status: unresolved
